
Microsoft Visual Studio Solution File, Format Version 12.00
# TcXaeShell Solution File, Format Version 11.00
VisualStudioVersion = 17.7.34302.85
MinimumVisualStudioVersion = 10.0.40219.1
Project("{FD9F1D59-E000-42F3-8744-88DE1BE93C06}") = "Analytics PakML 2.1", "Analytics PakML 2.1.tcmproj", "{5A6B0622-A7D5-4034-BD5A-1B6CEAAED57B}"
EndProject
Global
	GlobalSection(SolutionConfigurationPlatforms) = preSolution
		Debug|TwinCAT CE7 (ARMV7) = Debug|TwinCAT CE7 (ARMV7)
		Debug|TwinCAT OS (ARMT2) = Debug|TwinCAT OS (ARMT2)
		Debug|TwinCAT OS (x64) = Debug|TwinCAT OS (x64)
		Debug|TwinCAT RT (x64) = Debug|TwinCAT RT (x64)
		Debug|TwinCAT RT (x86) = Debug|TwinCAT RT (x86)
		Release|TwinCAT CE7 (ARMV7) = Release|TwinCAT CE7 (ARMV7)
		Release|TwinCAT OS (ARMT2) = Release|TwinCAT OS (ARMT2)
		Release|TwinCAT OS (x64) = Release|TwinCAT OS (x64)
		Release|TwinCAT RT (x64) = Release|TwinCAT RT (x64)
		Release|TwinCAT RT (x86) = Release|TwinCAT RT (x86)
	EndGlobalSection
	GlobalSection(ProjectConfigurationPlatforms) = postSolution
		{5A6B0622-A7D5-4034-BD5A-1B6CEAAED57B}.Debug|TwinCAT CE7 (ARMV7).ActiveCfg = Debug|TwinCAT CE7 (ARMV7)
		{5A6B0622-A7D5-4034-BD5A-1B6CEAAED57B}.Debug|TwinCAT OS (ARMT2).ActiveCfg = Debug|TwinCAT OS (ARMT2)
		{5A6B0622-A7D5-4034-BD5A-1B6CEAAED57B}.Debug|TwinCAT OS (x64).ActiveCfg = Debug|TwinCAT OS (x64)
		{5A6B0622-A7D5-4034-BD5A-1B6CEAAED57B}.Debug|TwinCAT RT (x64).ActiveCfg = Debug|TwinCAT RT (x64)
		{5A6B0622-A7D5-4034-BD5A-1B6CEAAED57B}.Debug|TwinCAT RT (x86).ActiveCfg = Debug|TwinCAT RT (x86)
		{5A6B0622-A7D5-4034-BD5A-1B6CEAAED57B}.Release|TwinCAT CE7 (ARMV7).ActiveCfg = Release|TwinCAT CE7 (ARMV7)
		{5A6B0622-A7D5-4034-BD5A-1B6CEAAED57B}.Release|TwinCAT OS (ARMT2).ActiveCfg = Release|TwinCAT OS (ARMT2)
		{5A6B0622-A7D5-4034-BD5A-1B6CEAAED57B}.Release|TwinCAT OS (x64).ActiveCfg = Release|TwinCAT OS (x64)
		{5A6B0622-A7D5-4034-BD5A-1B6CEAAED57B}.Release|TwinCAT RT (x64).ActiveCfg = Release|TwinCAT RT (x64)
		{5A6B0622-A7D5-4034-BD5A-1B6CEAAED57B}.Release|TwinCAT RT (x86).ActiveCfg = Release|TwinCAT RT (x86)
	EndGlobalSection
	GlobalSection(SolutionProperties) = preSolution
		HideSolutionNode = FALSE
	EndGlobalSection
	GlobalSection(ExtensibilityGlobals) = postSolution
		SolutionGuid = {F144D9BA-71F1-4453-B90B-DAC8CFF321F7}
	EndGlobalSection
EndGlobal
